# THIS IS AN AUTOGENERATED FILE. DO NOT EDIT THIS FILE DIRECTLY.
# yarn lockfile v1


redux-devtools-extension@^2.13.9:
  version "2.13.9"
  resolved "https://registry.yarnpkg.com/redux-devtools-extension/-/redux-devtools-extension-2.13.9.tgz#6b764e8028b507adcb75a1cae790f71e6be08ae7"
  integrity sha512-cNJ8Q/EtjhQaZ71c8I9+BPySIBVEKssbPpskBfsXqb8HJ002A3KRVHfeRzwRo6mGPqsm7XuHTqNSNeS1Khig0A==
